%{"barrel": {:git, "git://github.com/spawngrid/barrel.git", "9ad8a3872902b130cd6cf752eb53d6b2277c752c", []},
  "bcrypt": {:git, "git://github.com/spawngrid/erlang-bcrypt.git", "1f1b4114f8b96184d2fb860e7d3121aed341c3b4", []},
  "bear": {:git, "git://github.com/boundary/bear.git", "5f998064d178b1b8d01ed90c228d50d8097b12d3", [tag: "0.8.1"]},
  "binpp": {:git, "git://github.com/jtendo/binpp.git", "15d836010e3f1cb18f79637ae428cb47b8b02165", []},
  "cowboy": {:git, "git://github.com/spawngrid/cowboy.git", "a319f3397042b1e8bc30b62080148889e6528b9e", [branch: "proxy"]},
  "decimal": {:git, "git://github.com/tim/erlang-decimal.git", "76535937d4cf6da542ada268e16ef94ec385913f", [tag: "v0.2.0"]},
  "decimex": {:git, "git://github.com/khia/decimex.git", "282bf428fc747668145da02cf3741fe011227cc2", []},
  "epgsql": {:git, "git://github.com/spawngrid/epgsql.git", "a5912d63ec64aec9d80414c7c80fa98aade6e4fc", []},
  "erlcron": {:git, "git://github.com/erlware/erlcron.git", "40a022d7feb29e4816503e25152ca87feae75355", []},
  "erlotp": {:git, "git://github.com/omarkj/erlotp.git", "0436b9216885d104dc18f735dcf82e2033005100", []},
  "erlpass": {:git, "git://github.com/ferd/erlpass.git", "7c6b569550620c36ba619da0261134651fab55c2", []},
  "esession": {:git, "git://github.com/spawngrid/esession.git", "ba80aa10a404baebc5edf1bc56dd1a68d4987207", []},
  "exdbi": {:git, "git://github.com/khia/exdbi.git", "d11f1b7e518b373392fbd8039b1d64192982b0f5", []},
  "exdbi_pgsql": {:git, "git://github.com/khia/exdbi_pgsql.git", "a2dc1ea75889f64574d17e0d4c2276200e14f08b", []},
  "exmig": {:git, "git://github.com/khia/exmig.git", "e1d315641756cb392067b6e7c10a5145d206d84b", []},
  "folsom": {:git, "git://github.com/boundary/folsom.git", "4824aec693c7f284363f19d999289952ec4ed586", []},
  "goldrush": {:git, "git://github.com/DeadZen/goldrush.git", "71e63212f12c25827e0c1b4198d37d5d018a7fec", [tag: "0.1.6"]},
  "gproc": {:git, "git://github.com/uwiger/gproc.git", "54a3b200155e94f1bd9afc752e4dd4630b2508b1", []},
  "hackney": {:git, "git://github.com/spawngrid/hackney.git", "e5c8c313e22d8c1ea16bcd5c19867237ab37b114", []},
  "hackney_lib": {:git, "https://github.com/benoitc/hackney_lib.git", "8050fe58fa6e6321fd38a255d0b61f7200f8648d", [tag: "8050fe58fa6e6321fd38a255d0b61f7200f8648d"]},
  "idna": {:git, "git://github.com/benoitc/erlang-idna.git", "21aa158b7f36bf2a000f12fe40d7f21eece9cf65", [tag: "hackney-0.11.2"]},
  "jsex": {:git, "git://github.com/talentdeficit/jsex.git", "661ce8565aaea22aa3576d4ad5e9d11065fe60f9", []},
  "jsx": {:package, "2.0.4"},
  "meck": {:git, "git://github.com/eproxus/meck.git", "dde759050eff19a1a80fd854d7375174b191665d", [tag: "0.8.2"]},
  "ossp_uuid": {:git, "git://github.com/yrashk/erlang-ossp-uuid.git", "5839a91796349114375c9cb066ec4e1dfdb653ab", []},
  "poolboy": {:git, "git://github.com/devinus/poolboy.git", "91cf587b6029be696679a4788905de796ec89df3", []},
  "proper": {:git, "git://github.com/manopapad/proper.git", "043f68f2102f366abaa5c5dbf2b55b833d7e90bd", []},
  "proper_stdlib": {:git, "git://github.com/spawngrid/proper_stdlib.git", "874ba31e0d1cc001bca7cdb191e7e3c0991dcd4b", []},
  "properex": {:git, "git://github.com/khia/properex.git", "544159b500a70f6c93829434df57d7c865e93cca", []},
  "ranch": {:git, "git://github.com/extend/ranch.git", "7eb82e6750c28335b0bd58009cddfc1630364516", [ref: "0.8.0"]},
  "rebar_vsn_plugin": {:git, "https://github.com/erlware/rebar_vsn_plugin.git", "fd40c960c7912193631d948fe962e1162a8d1334", [tag: "master"]},
  "relex": {:git, "git://github.com/khia/relex.git", "32b434d722add3c84a83a01eccaf8fbb028d3380", []},
  "socket": {:git, "git://github.com/meh/elixir-socket.git", "c8c7b5eb43a6a94a5e98821c69b8639a123cf6f8", []},
  "sockjs": {:git, "git://github.com/spawngrid/sockjs-erlang.git", "0c56bebd8a276fde45b3ffd046f99f42b5238c17", []},
  "validatex": {:git, "git://github.com/khia/validatex.git", "d4ee3fe1d49faeb2508457eb28f07b3b3698a817", []}}
