[ "barrel": {:git, "git://github.com/spawngrid/barrel.git", "9ad8a3872902b130cd6cf752eb53d6b2277c752c", []},
  "bcrypt": {:git, "git://github.com/spawngrid/erlang-bcrypt.git", "1f1b4114f8b96184d2fb860e7d3121aed341c3b4", []},
  "bear": {:git, "git://github.com/boundary/bear.git", "3fd09d1b7bbd9de5b2d29f46df04a93fca9ce85e", [tag: "0.1.3"]},
  "binpp": {:git, "git://github.com/jtendo/binpp.git", "15d836010e3f1cb18f79637ae428cb47b8b02165", []},
  "cowboy": {:git, "git://github.com/spawngrid/cowboy.git", "a319f3397042b1e8bc30b62080148889e6528b9e", [branch: "proxy"]},
  "decimal": {:git, "git://github.com/tim/erlang-decimal.git", "76535937d4cf6da542ada268e16ef94ec385913f", [tag: "v0.2.0"]},
  "decimex": {:git, "git://github.com/yrashk/decimex.git", "de690fbb9075c5c9d94cb7bb477a4f9d83f3b21f", []},
  "epgsql": {:git, "git://github.com/spawngrid/epgsql.git", "a5912d63ec64aec9d80414c7c80fa98aade6e4fc", []},
  "erlcron": {:git, "git://github.com/erlware/erlcron.git", "2ebd2de51405f2ab2310ae6952e648e568934a72", []},
  "erlotp": {:git, "git://github.com/omarkj/erlotp.git", "0436b9216885d104dc18f735dcf82e2033005100", []},
  "erlpass": {:git, "git://github.com/ferd/erlpass.git", "4344571268728f0a52910880f65f3bb94108541a", []},
  "esession": {:git, "git://github.com/spawngrid/esession.git", "55470ebb09d2e087a80bfa1e7bcec3752dc49316", [branch: "feature/remove_ossp_uuid"]},
  "exdbi": {:git, "git://github.com/exdbi/exdbi.git", "f4ea6095f213ea25be98f11cf23b438802bf2741", []},
  "exdbi_pgsql": {:git, "git://github.com/exdbi/exdbi_pgsql.git", "958bbc52b611c0ea9240f4e6c50286469c78bb37", []},
  "exlogger": {:git, "git://github.com/bexio/exlogger.git", "7185dbf93e47650d3fb789e010e6a832227d0575", [branch: "hotfix/fig-logging"]},
  "exlogger_splunk": {:git, "git://github.com/spawngrid/exlogger-splunk.git", "93d968e418d07882b8d71519f4915713697b8612", []},
  "exmig": {:git, "git://github.com/khia/exmig.git", "b2d936f9bc781b2598d2b70b9183d9071aaa57f6", []},
  "exreloader": {:git, "git://github.com/yrashk/exreloader.git", "1c23229b917893fcc03b1b4b2c932900baf3ba58", []},
  "folsom": {:git, "git://github.com/boundary/folsom.git", "497559dbc7681edda652c906b48e8e42967ddbc2", []},
  "genx": {:git, "git://github.com/yrashk/genx.git", "1b857fa422a47269d5f151ecababd83f4835527d", []},
  "goldrush": {:git, "git://github.com/DeadZen/goldrush.git", "71e63212f12c25827e0c1b4198d37d5d018a7fec", [tag: "0.1.6"]},
  "gproc": {:git, "git://github.com/uwiger/gproc.git", "9cc44eeb5cfeeb381b452960b0447203f0bfcb1a", []},
  "hackney": {:git, "git://github.com/spawngrid/hackney.git", "e5c8c313e22d8c1ea16bcd5c19867237ab37b114", []},
  "hackney_lib": {:git, "https://github.com/benoitc/hackney_lib.git", "8050fe58fa6e6321fd38a255d0b61f7200f8648d", [tag: "8050fe58fa6e6321fd38a255d0b61f7200f8648d"]},
  "idna": {:git, "git://github.com/benoitc/erlang-idna.git", "21aa158b7f36bf2a000f12fe40d7f21eece9cf65", [tag: "hackney-0.11.2"]},
  "jsex": {:git, "git://github.com/talentdeficit/jsex.git", "c9df36f07b2089a73ab6b32074c01728f1e5a2e1", []},
  "jsx": {:git, "git://github.com/talentdeficit/jsx.git", "e50af6e109cb03bd26acf715cbc77de746507d1d", [tag: "v1.4.3"]},
  "lager": {:git, "git://github.com/basho/lager.git", "4d8291edb72a25ac0efde907e2ecaa115108ff90", []},
  "meck": {:git, "git://github.com/eproxus/meck", "2eb19524a0cf33a0fc67fed766679c93d363ceee", [ref: "master"]},
  "mimetypes": {:git, "https://github.com/spawngrid/mimetypes.git", "47d37a977a7d633199822bf6b08353007483d00f", [ref: "master"]},
  "ossp_uuid": {:git, "git://github.com/yrashk/erlang-ossp-uuid.git", "d6433051915a1fd85edfa36854c120eb6eaa5f20", []},
  "poolboy": {:git, "git://github.com/devinus/poolboy.git", "91cf587b6029be696679a4788905de796ec89df3", []},
  "proper": {:git, "git://github.com/manopapad/proper.git", "c37cab86f5e9dd5c5e751248cf1566a5d4f9535c", []},
  "proper_stdlib": {:git, "git://github.com/spawngrid/proper_stdlib.git", "2ccc69be64cc47b1a375fd4f057e99494e8f92fd", []},
  "properex": {:git, "git://github.com/yrashk/properex.git", "d597c603993c9629c6007bbb0c53e2191c4cad26", []},
  "ranch": {:git, "git://github.com/extend/ranch.git", "4f70a16bbe08e446e8fec248ca345d5f8e7df038", [ref: "0.8.0"]},
  "rebar_vsn_plugin": {:git, "https://github.com/erlware/rebar_vsn_plugin.git", "0d954d923275305c62a81e9c2bf60a60977a9d29", [tag: "master"]},
  "relex": {:git, "git://github.com/yrashk/relex.git", "4185e760d07c86ba6cae016d1e846ce39ec191a9", []},
  "resource": {:git, "git://github.com/tonyrog/resource.git", "b9e1adcadcc8cb59130e0bbecbbe6777bb8d7c78", []},
  "socket": {:git, "git://github.com/spawngrid/elixir-socket.git", "2b0b513aa6eec5132eb9d5d1400f8dd064741529", [branch: "hotfix/remove_finalizer_dep"]},
  "sockjs": {:git, "git://github.com/spawngrid/sockjs-erlang.git", "fdaec2963d3d8d1f14353e0b0fbd8267cb588631", []},
  "validatex": {:git, "git://github.com/ElixirWerkz/validatex.git", "7436f778b05cc6c8a98d7a7672be97c7bc72210b", []} ]
